
Microsoft Visual Studio Solution File, Format Version 12.00
# Visual Studio 2012
Project("{FAE04EC0-301F-11D3-BF4B-00C04F79EFBC}") = "CustomWebControl", "CustomWebControl\CustomWebControl.csproj", "{9F439DA8-3CF6-414B-9B20-5F70C639FD98}"
EndProject
Project("{FAE04EC0-301F-11D3-BF4B-00C04F79EFBC}") = "TextWithCaptionControl", "TextWithCaptionControl\TextWithCaptionControl.csproj", "{B79211D8-8ED0-42B6-AC3F-65184F2ACD81}"
EndProject
Global
	GlobalSection(SolutionConfigurationPlatforms) = preSolution
		Debug|Any CPU = Debug|Any CPU
		Release|Any CPU = Release|Any CPU
	EndGlobalSection
	GlobalSection(ProjectConfigurationPlatforms) = postSolution
		{9F439DA8-3CF6-414B-9B20-5F70C639FD98}.Debug|Any CPU.ActiveCfg = Debug|Any CPU
		{9F439DA8-3CF6-414B-9B20-5F70C639FD98}.Debug|Any CPU.Build.0 = Debug|Any CPU
		{9F439DA8-3CF6-414B-9B20-5F70C639FD98}.Release|Any CPU.ActiveCfg = Release|Any CPU
		{9F439DA8-3CF6-414B-9B20-5F70C639FD98}.Release|Any CPU.Build.0 = Release|Any CPU
		{B79211D8-8ED0-42B6-AC3F-65184F2ACD81}.Debug|Any CPU.ActiveCfg = Debug|Any CPU
		{B79211D8-8ED0-42B6-AC3F-65184F2ACD81}.Debug|Any CPU.Build.0 = Debug|Any CPU
		{B79211D8-8ED0-42B6-AC3F-65184F2ACD81}.Release|Any CPU.ActiveCfg = Release|Any CPU
		{B79211D8-8ED0-42B6-AC3F-65184F2ACD81}.Release|Any CPU.Build.0 = Release|Any CPU
	EndGlobalSection
	GlobalSection(SolutionProperties) = preSolution
		HideSolutionNode = FALSE
	EndGlobalSection
EndGlobal
